
Microsoft Visual Studio Solution File, Format Version 12.00
# Visual Studio Version 17
VisualStudioVersion = 17.12.35527.113
MinimumVisualStudioVersion = 10.0.40219.1
Project("{FAE04EC0-301F-11D3-BF4B-00C04F79EFBC}") = "L02_ADO.NET", "L02_ADO.NET\L02_ADO.NET.csproj", "{F1BE0291-6B11-4946-845F-FA3EE932B570}"
EndProject
Project("{2150E333-8FDC-42A3-9474-1A3956D46DE8}") = "Solution Items", "Solution Items", "{200B1FB3-DF4B-4F1D-81C7-BAD19205AC43}"
	ProjectSection(SolutionItems) = preProject
		.gitignore = .gitignore
		.mcp.json = .mcp.json
		appsettings.json = appsettings.json
	EndProjectSection
EndProject
Project("{FAE04EC0-301F-11D3-BF4B-00C04F79EFBC}") = "L03_Dapper_ORM", "L03_Dapper_ORM\L03_Dapper_ORM.csproj", "{382359BE-C54A-4D19-9C95-B9423B47361C}"
EndProject
Project("{FAE04EC0-301F-11D3-BF4B-00C04F79EFBC}") = "L04_NHibernate", "L04_NHibernate\L04_NHibernate.csproj", "{49DAF54C-C910-4652-A331-834E90FE93EF}"
EndProject
Project("{FAE04EC0-301F-11D3-BF4B-00C04F79EFBC}") = "L05_EF-Core_JumpStart", "L05_EF-Core_JumpStart\L05_EF-Core_JumpStart.csproj", "{E964A265-6667-4765-9D7F-50093F2CA297}"
EndProject
Project("{FAE04EC0-301F-11D3-BF4B-00C04F79EFBC}") = "L06_DbContext", "L06_DbContext\L06_DbContext.csproj", "{710C335F-98C0-443F-9F16-1FBF7A80C485}"
EndProject
Project("{FAE04EC0-301F-11D3-BF4B-00C04F79EFBC}") = "L07_Configuration", "L07_Configuration\L07_Configuration.csproj", "{BA6FEDF8-F611-429C-9B94-316E342045FC}"
EndProject
Project("{FAE04EC0-301F-11D3-BF4B-00C04F79EFBC}") = "L09_Entity_Types_And_Mapping", "L09_Entity_Types_And_Mapping\L09_Entity_Types_And_Mapping.csproj", "{5D7DEB35-4320-49B4-A2C1-E4C27073F1D5}"
EndProject
Project("{FAE04EC0-301F-11D3-BF4B-00C04F79EFBC}") = "L10_EF_Migration", "L10_EF_Migration\L10_EF_Migration.csproj", "{14821A88-7E05-4A46-9CC2-2261C08DC930}"
EndProject
Project("{FAE04EC0-301F-11D3-BF4B-00C04F79EFBC}") = "L11_Migration_Part 02_Relationships", "L11_Migration_Part 02_Relationships\L11_Migration_Part 02_Relationships.csproj", "{A64A7A13-70FF-437A-ADB1-5AD1502A095C}"
EndProject
Project("{FAE04EC0-301F-11D3-BF4B-00C04F79EFBC}") = "L12_EF_Migration_Part_03", "L12_EF_Migration_Part_03\L12_EF_Migration_Part_03.csproj", "{CBCE3145-9B56-4F46-BC65-9F73B7BEEE45}"
EndProject
Project("{FAE04EC0-301F-11D3-BF4B-00C04F79EFBC}") = "L13_Mapping_Strategies", "L13_Mapping_Strategies\L13_Mapping_Strategies.csproj", "{61B9FBC9-606D-4057-BA35-EBA90AD5C392}"
EndProject
Project("{FAE04EC0-301F-11D3-BF4B-00C04F79EFBC}") = "L14_Create_And_Drop_API", "L14_Create_And_Drop_API\L14_Create_And_Drop_API.csproj", "{F89EEBB6-43A5-41DA-A7E7-26101F11F223}"
EndProject
Project("{FAE04EC0-301F-11D3-BF4B-00C04F79EFBC}") = "L15_Query_Data_Part_1", "L15_Query_Data_Part_1\L15_Query_Data_Part_1.csproj", "{37A9470E-9222-4B1B-9C02-AB84A2B8E032}"
EndProject
Project("{FAE04EC0-301F-11D3-BF4B-00C04F79EFBC}") = "L16_Query_Data_Part_2", "L16_Query_Data_Part_2\L16_Query_Data_Part_2.csproj", "{BB36CD5E-9026-4DF9-B028-236247DA46B2}"
EndProject
Project("{FAE04EC0-301F-11D3-BF4B-00C04F79EFBC}") = "L17_Raw_SQL_Query", "L17_Raw_SQL_Query\L17_Raw_SQL_Query.csproj", "{463EC06E-6139-4376-8187-870288D054D9}"
EndProject
Project("{FAE04EC0-301F-11D3-BF4B-00C04F79EFBC}") = "L18_Save_Data", "L18_Save_Data\L18_Save_Data.csproj", "{5D7A130A-9D20-428E-B148-4AF65FAA3448}"
EndProject
Global
	GlobalSection(SolutionConfigurationPlatforms) = preSolution
		Debug|Any CPU = Debug|Any CPU
		Debug|x64 = Debug|x64
		Debug|x86 = Debug|x86
		Release|Any CPU = Release|Any CPU
		Release|x64 = Release|x64
		Release|x86 = Release|x86
	EndGlobalSection
	GlobalSection(ProjectConfigurationPlatforms) = postSolution
		{F1BE0291-6B11-4946-845F-FA3EE932B570}.Debug|Any CPU.ActiveCfg = Debug|Any CPU
		{F1BE0291-6B11-4946-845F-FA3EE932B570}.Debug|Any CPU.Build.0 = Debug|Any CPU
		{F1BE0291-6B11-4946-845F-FA3EE932B570}.Debug|x64.ActiveCfg = Debug|Any CPU
		{F1BE0291-6B11-4946-845F-FA3EE932B570}.Debug|x64.Build.0 = Debug|Any CPU
		{F1BE0291-6B11-4946-845F-FA3EE932B570}.Debug|x86.ActiveCfg = Debug|Any CPU
		{F1BE0291-6B11-4946-845F-FA3EE932B570}.Debug|x86.Build.0 = Debug|Any CPU
		{F1BE0291-6B11-4946-845F-FA3EE932B570}.Release|Any CPU.ActiveCfg = Release|Any CPU
		{F1BE0291-6B11-4946-845F-FA3EE932B570}.Release|Any CPU.Build.0 = Release|Any CPU
		{F1BE0291-6B11-4946-845F-FA3EE932B570}.Release|x64.ActiveCfg = Release|Any CPU
		{F1BE0291-6B11-4946-845F-FA3EE932B570}.Release|x64.Build.0 = Release|Any CPU
		{F1BE0291-6B11-4946-845F-FA3EE932B570}.Release|x86.ActiveCfg = Release|Any CPU
		{F1BE0291-6B11-4946-845F-FA3EE932B570}.Release|x86.Build.0 = Release|Any CPU
		{382359BE-C54A-4D19-9C95-B9423B47361C}.Debug|Any CPU.ActiveCfg = Debug|Any CPU
		{382359BE-C54A-4D19-9C95-B9423B47361C}.Debug|Any CPU.Build.0 = Debug|Any CPU
		{382359BE-C54A-4D19-9C95-B9423B47361C}.Debug|x64.ActiveCfg = Debug|Any CPU
		{382359BE-C54A-4D19-9C95-B9423B47361C}.Debug|x64.Build.0 = Debug|Any CPU
		{382359BE-C54A-4D19-9C95-B9423B47361C}.Debug|x86.ActiveCfg = Debug|Any CPU
		{382359BE-C54A-4D19-9C95-B9423B47361C}.Debug|x86.Build.0 = Debug|Any CPU
		{382359BE-C54A-4D19-9C95-B9423B47361C}.Release|Any CPU.ActiveCfg = Release|Any CPU
		{382359BE-C54A-4D19-9C95-B9423B47361C}.Release|Any CPU.Build.0 = Release|Any CPU
		{382359BE-C54A-4D19-9C95-B9423B47361C}.Release|x64.ActiveCfg = Release|Any CPU
		{382359BE-C54A-4D19-9C95-B9423B47361C}.Release|x64.Build.0 = Release|Any CPU
		{382359BE-C54A-4D19-9C95-B9423B47361C}.Release|x86.ActiveCfg = Release|Any CPU
		{382359BE-C54A-4D19-9C95-B9423B47361C}.Release|x86.Build.0 = Release|Any CPU
		{49DAF54C-C910-4652-A331-834E90FE93EF}.Debug|Any CPU.ActiveCfg = Debug|Any CPU
		{49DAF54C-C910-4652-A331-834E90FE93EF}.Debug|Any CPU.Build.0 = Debug|Any CPU
		{49DAF54C-C910-4652-A331-834E90FE93EF}.Debug|x64.ActiveCfg = Debug|Any CPU
		{49DAF54C-C910-4652-A331-834E90FE93EF}.Debug|x64.Build.0 = Debug|Any CPU
		{49DAF54C-C910-4652-A331-834E90FE93EF}.Debug|x86.ActiveCfg = Debug|Any CPU
		{49DAF54C-C910-4652-A331-834E90FE93EF}.Debug|x86.Build.0 = Debug|Any CPU
		{49DAF54C-C910-4652-A331-834E90FE93EF}.Release|Any CPU.ActiveCfg = Release|Any CPU
		{49DAF54C-C910-4652-A331-834E90FE93EF}.Release|Any CPU.Build.0 = Release|Any CPU
		{49DAF54C-C910-4652-A331-834E90FE93EF}.Release|x64.ActiveCfg = Release|Any CPU
		{49DAF54C-C910-4652-A331-834E90FE93EF}.Release|x64.Build.0 = Release|Any CPU
		{49DAF54C-C910-4652-A331-834E90FE93EF}.Release|x86.ActiveCfg = Release|Any CPU
		{49DAF54C-C910-4652-A331-834E90FE93EF}.Release|x86.Build.0 = Release|Any CPU
		{E964A265-6667-4765-9D7F-50093F2CA297}.Debug|Any CPU.ActiveCfg = Debug|Any CPU
		{E964A265-6667-4765-9D7F-50093F2CA297}.Debug|Any CPU.Build.0 = Debug|Any CPU
		{E964A265-6667-4765-9D7F-50093F2CA297}.Debug|x64.ActiveCfg = Debug|Any CPU
		{E964A265-6667-4765-9D7F-50093F2CA297}.Debug|x64.Build.0 = Debug|Any CPU
		{E964A265-6667-4765-9D7F-50093F2CA297}.Debug|x86.ActiveCfg = Debug|Any CPU
		{E964A265-6667-4765-9D7F-50093F2CA297}.Debug|x86.Build.0 = Debug|Any CPU
		{E964A265-6667-4765-9D7F-50093F2CA297}.Release|Any CPU.ActiveCfg = Release|Any CPU
		{E964A265-6667-4765-9D7F-50093F2CA297}.Release|Any CPU.Build.0 = Release|Any CPU
		{E964A265-6667-4765-9D7F-50093F2CA297}.Release|x64.ActiveCfg = Release|Any CPU
		{E964A265-6667-4765-9D7F-50093F2CA297}.Release|x64.Build.0 = Release|Any CPU
		{E964A265-6667-4765-9D7F-50093F2CA297}.Release|x86.ActiveCfg = Release|Any CPU
		{E964A265-6667-4765-9D7F-50093F2CA297}.Release|x86.Build.0 = Release|Any CPU
		{710C335F-98C0-443F-9F16-1FBF7A80C485}.Debug|Any CPU.ActiveCfg = Debug|Any CPU
		{710C335F-98C0-443F-9F16-1FBF7A80C485}.Debug|Any CPU.Build.0 = Debug|Any CPU
		{710C335F-98C0-443F-9F16-1FBF7A80C485}.Debug|x64.ActiveCfg = Debug|Any CPU
		{710C335F-98C0-443F-9F16-1FBF7A80C485}.Debug|x64.Build.0 = Debug|Any CPU
		{710C335F-98C0-443F-9F16-1FBF7A80C485}.Debug|x86.ActiveCfg = Debug|Any CPU
		{710C335F-98C0-443F-9F16-1FBF7A80C485}.Debug|x86.Build.0 = Debug|Any CPU
		{710C335F-98C0-443F-9F16-1FBF7A80C485}.Release|Any CPU.ActiveCfg = Release|Any CPU
		{710C335F-98C0-443F-9F16-1FBF7A80C485}.Release|Any CPU.Build.0 = Release|Any CPU
		{710C335F-98C0-443F-9F16-1FBF7A80C485}.Release|x64.ActiveCfg = Release|Any CPU
		{710C335F-98C0-443F-9F16-1FBF7A80C485}.Release|x64.Build.0 = Release|Any CPU
		{710C335F-98C0-443F-9F16-1FBF7A80C485}.Release|x86.ActiveCfg = Release|Any CPU
		{710C335F-98C0-443F-9F16-1FBF7A80C485}.Release|x86.Build.0 = Release|Any CPU
		{BA6FEDF8-F611-429C-9B94-316E342045FC}.Debug|Any CPU.ActiveCfg = Debug|Any CPU
		{BA6FEDF8-F611-429C-9B94-316E342045FC}.Debug|Any CPU.Build.0 = Debug|Any CPU
		{BA6FEDF8-F611-429C-9B94-316E342045FC}.Debug|x64.ActiveCfg = Debug|Any CPU
		{BA6FEDF8-F611-429C-9B94-316E342045FC}.Debug|x64.Build.0 = Debug|Any CPU
		{BA6FEDF8-F611-429C-9B94-316E342045FC}.Debug|x86.ActiveCfg = Debug|Any CPU
		{BA6FEDF8-F611-429C-9B94-316E342045FC}.Debug|x86.Build.0 = Debug|Any CPU
		{BA6FEDF8-F611-429C-9B94-316E342045FC}.Release|Any CPU.ActiveCfg = Release|Any CPU
		{BA6FEDF8-F611-429C-9B94-316E342045FC}.Release|Any CPU.Build.0 = Release|Any CPU
		{BA6FEDF8-F611-429C-9B94-316E342045FC}.Release|x64.ActiveCfg = Release|Any CPU
		{BA6FEDF8-F611-429C-9B94-316E342045FC}.Release|x64.Build.0 = Release|Any CPU
		{BA6FEDF8-F611-429C-9B94-316E342045FC}.Release|x86.ActiveCfg = Release|Any CPU
		{BA6FEDF8-F611-429C-9B94-316E342045FC}.Release|x86.Build.0 = Release|Any CPU
		{5D7DEB35-4320-49B4-A2C1-E4C27073F1D5}.Debug|Any CPU.ActiveCfg = Debug|Any CPU
		{5D7DEB35-4320-49B4-A2C1-E4C27073F1D5}.Debug|Any CPU.Build.0 = Debug|Any CPU
		{5D7DEB35-4320-49B4-A2C1-E4C27073F1D5}.Debug|x64.ActiveCfg = Debug|Any CPU
		{5D7DEB35-4320-49B4-A2C1-E4C27073F1D5}.Debug|x64.Build.0 = Debug|Any CPU
		{5D7DEB35-4320-49B4-A2C1-E4C27073F1D5}.Debug|x86.ActiveCfg = Debug|Any CPU
		{5D7DEB35-4320-49B4-A2C1-E4C27073F1D5}.Debug|x86.Build.0 = Debug|Any CPU
		{5D7DEB35-4320-49B4-A2C1-E4C27073F1D5}.Release|Any CPU.ActiveCfg = Release|Any CPU
		{5D7DEB35-4320-49B4-A2C1-E4C27073F1D5}.Release|Any CPU.Build.0 = Release|Any CPU
		{5D7DEB35-4320-49B4-A2C1-E4C27073F1D5}.Release|x64.ActiveCfg = Release|Any CPU
		{5D7DEB35-4320-49B4-A2C1-E4C27073F1D5}.Release|x64.Build.0 = Release|Any CPU
		{5D7DEB35-4320-49B4-A2C1-E4C27073F1D5}.Release|x86.ActiveCfg = Release|Any CPU
		{5D7DEB35-4320-49B4-A2C1-E4C27073F1D5}.Release|x86.Build.0 = Release|Any CPU
		{14821A88-7E05-4A46-9CC2-2261C08DC930}.Debug|Any CPU.ActiveCfg = Debug|Any CPU
		{14821A88-7E05-4A46-9CC2-2261C08DC930}.Debug|Any CPU.Build.0 = Debug|Any CPU
		{14821A88-7E05-4A46-9CC2-2261C08DC930}.Debug|x64.ActiveCfg = Debug|Any CPU
		{14821A88-7E05-4A46-9CC2-2261C08DC930}.Debug|x64.Build.0 = Debug|Any CPU
		{14821A88-7E05-4A46-9CC2-2261C08DC930}.Debug|x86.ActiveCfg = Debug|Any CPU
		{14821A88-7E05-4A46-9CC2-2261C08DC930}.Debug|x86.Build.0 = Debug|Any CPU
		{14821A88-7E05-4A46-9CC2-2261C08DC930}.Release|Any CPU.ActiveCfg = Release|Any CPU
		{14821A88-7E05-4A46-9CC2-2261C08DC930}.Release|Any CPU.Build.0 = Release|Any CPU
		{14821A88-7E05-4A46-9CC2-2261C08DC930}.Release|x64.ActiveCfg = Release|Any CPU
		{14821A88-7E05-4A46-9CC2-2261C08DC930}.Release|x64.Build.0 = Release|Any CPU
		{14821A88-7E05-4A46-9CC2-2261C08DC930}.Release|x86.ActiveCfg = Release|Any CPU
		{14821A88-7E05-4A46-9CC2-2261C08DC930}.Release|x86.Build.0 = Release|Any CPU
		{A64A7A13-70FF-437A-ADB1-5AD1502A095C}.Debug|Any CPU.ActiveCfg = Debug|Any CPU
		{A64A7A13-70FF-437A-ADB1-5AD1502A095C}.Debug|Any CPU.Build.0 = Debug|Any CPU
		{A64A7A13-70FF-437A-ADB1-5AD1502A095C}.Debug|x64.ActiveCfg = Debug|Any CPU
		{A64A7A13-70FF-437A-ADB1-5AD1502A095C}.Debug|x64.Build.0 = Debug|Any CPU
		{A64A7A13-70FF-437A-ADB1-5AD1502A095C}.Debug|x86.ActiveCfg = Debug|Any CPU
		{A64A7A13-70FF-437A-ADB1-5AD1502A095C}.Debug|x86.Build.0 = Debug|Any CPU
		{A64A7A13-70FF-437A-ADB1-5AD1502A095C}.Release|Any CPU.ActiveCfg = Release|Any CPU
		{A64A7A13-70FF-437A-ADB1-5AD1502A095C}.Release|Any CPU.Build.0 = Release|Any CPU
		{A64A7A13-70FF-437A-ADB1-5AD1502A095C}.Release|x64.ActiveCfg = Release|Any CPU
		{A64A7A13-70FF-437A-ADB1-5AD1502A095C}.Release|x64.Build.0 = Release|Any CPU
		{A64A7A13-70FF-437A-ADB1-5AD1502A095C}.Release|x86.ActiveCfg = Release|Any CPU
		{A64A7A13-70FF-437A-ADB1-5AD1502A095C}.Release|x86.Build.0 = Release|Any CPU
		{CBCE3145-9B56-4F46-BC65-9F73B7BEEE45}.Debug|Any CPU.ActiveCfg = Debug|Any CPU
		{CBCE3145-9B56-4F46-BC65-9F73B7BEEE45}.Debug|Any CPU.Build.0 = Debug|Any CPU
		{CBCE3145-9B56-4F46-BC65-9F73B7BEEE45}.Debug|x64.ActiveCfg = Debug|Any CPU
		{CBCE3145-9B56-4F46-BC65-9F73B7BEEE45}.Debug|x64.Build.0 = Debug|Any CPU
		{CBCE3145-9B56-4F46-BC65-9F73B7BEEE45}.Debug|x86.ActiveCfg = Debug|Any CPU
		{CBCE3145-9B56-4F46-BC65-9F73B7BEEE45}.Debug|x86.Build.0 = Debug|Any CPU
		{CBCE3145-9B56-4F46-BC65-9F73B7BEEE45}.Release|Any CPU.ActiveCfg = Release|Any CPU
		{CBCE3145-9B56-4F46-BC65-9F73B7BEEE45}.Release|Any CPU.Build.0 = Release|Any CPU
		{CBCE3145-9B56-4F46-BC65-9F73B7BEEE45}.Release|x64.ActiveCfg = Release|Any CPU
		{CBCE3145-9B56-4F46-BC65-9F73B7BEEE45}.Release|x64.Build.0 = Release|Any CPU
		{CBCE3145-9B56-4F46-BC65-9F73B7BEEE45}.Release|x86.ActiveCfg = Release|Any CPU
		{CBCE3145-9B56-4F46-BC65-9F73B7BEEE45}.Release|x86.Build.0 = Release|Any CPU
		{61B9FBC9-606D-4057-BA35-EBA90AD5C392}.Debug|Any CPU.ActiveCfg = Debug|Any CPU
		{61B9FBC9-606D-4057-BA35-EBA90AD5C392}.Debug|Any CPU.Build.0 = Debug|Any CPU
		{61B9FBC9-606D-4057-BA35-EBA90AD5C392}.Debug|x64.ActiveCfg = Debug|Any CPU
		{61B9FBC9-606D-4057-BA35-EBA90AD5C392}.Debug|x64.Build.0 = Debug|Any CPU
		{61B9FBC9-606D-4057-BA35-EBA90AD5C392}.Debug|x86.ActiveCfg = Debug|Any CPU
		{61B9FBC9-606D-4057-BA35-EBA90AD5C392}.Debug|x86.Build.0 = Debug|Any CPU
		{61B9FBC9-606D-4057-BA35-EBA90AD5C392}.Release|Any CPU.ActiveCfg = Release|Any CPU
		{61B9FBC9-606D-4057-BA35-EBA90AD5C392}.Release|Any CPU.Build.0 = Release|Any CPU
		{61B9FBC9-606D-4057-BA35-EBA90AD5C392}.Release|x64.ActiveCfg = Release|Any CPU
		{61B9FBC9-606D-4057-BA35-EBA90AD5C392}.Release|x64.Build.0 = Release|Any CPU
		{61B9FBC9-606D-4057-BA35-EBA90AD5C392}.Release|x86.ActiveCfg = Release|Any CPU
		{61B9FBC9-606D-4057-BA35-EBA90AD5C392}.Release|x86.Build.0 = Release|Any CPU
		{F89EEBB6-43A5-41DA-A7E7-26101F11F223}.Debug|Any CPU.ActiveCfg = Debug|Any CPU
		{F89EEBB6-43A5-41DA-A7E7-26101F11F223}.Debug|Any CPU.Build.0 = Debug|Any CPU
		{F89EEBB6-43A5-41DA-A7E7-26101F11F223}.Debug|x64.ActiveCfg = Debug|Any CPU
		{F89EEBB6-43A5-41DA-A7E7-26101F11F223}.Debug|x64.Build.0 = Debug|Any CPU
		{F89EEBB6-43A5-41DA-A7E7-26101F11F223}.Debug|x86.ActiveCfg = Debug|Any CPU
		{F89EEBB6-43A5-41DA-A7E7-26101F11F223}.Debug|x86.Build.0 = Debug|Any CPU
		{F89EEBB6-43A5-41DA-A7E7-26101F11F223}.Release|Any CPU.ActiveCfg = Release|Any CPU
		{F89EEBB6-43A5-41DA-A7E7-26101F11F223}.Release|Any CPU.Build.0 = Release|Any CPU
		{F89EEBB6-43A5-41DA-A7E7-26101F11F223}.Release|x64.ActiveCfg = Release|Any CPU
		{F89EEBB6-43A5-41DA-A7E7-26101F11F223}.Release|x64.Build.0 = Release|Any CPU
		{F89EEBB6-43A5-41DA-A7E7-26101F11F223}.Release|x86.ActiveCfg = Release|Any CPU
		{F89EEBB6-43A5-41DA-A7E7-26101F11F223}.Release|x86.Build.0 = Release|Any CPU
		{37A9470E-9222-4B1B-9C02-AB84A2B8E032}.Debug|Any CPU.ActiveCfg = Debug|Any CPU
		{37A9470E-9222-4B1B-9C02-AB84A2B8E032}.Debug|Any CPU.Build.0 = Debug|Any CPU
		{37A9470E-9222-4B1B-9C02-AB84A2B8E032}.Debug|x64.ActiveCfg = Debug|Any CPU
		{37A9470E-9222-4B1B-9C02-AB84A2B8E032}.Debug|x64.Build.0 = Debug|Any CPU
		{37A9470E-9222-4B1B-9C02-AB84A2B8E032}.Debug|x86.ActiveCfg = Debug|Any CPU
		{37A9470E-9222-4B1B-9C02-AB84A2B8E032}.Debug|x86.Build.0 = Debug|Any CPU
		{37A9470E-9222-4B1B-9C02-AB84A2B8E032}.Release|Any CPU.ActiveCfg = Release|Any CPU
		{37A9470E-9222-4B1B-9C02-AB84A2B8E032}.Release|Any CPU.Build.0 = Release|Any CPU
		{37A9470E-9222-4B1B-9C02-AB84A2B8E032}.Release|x64.ActiveCfg = Release|Any CPU
		{37A9470E-9222-4B1B-9C02-AB84A2B8E032}.Release|x64.Build.0 = Release|Any CPU
		{37A9470E-9222-4B1B-9C02-AB84A2B8E032}.Release|x86.ActiveCfg = Release|Any CPU
		{37A9470E-9222-4B1B-9C02-AB84A2B8E032}.Release|x86.Build.0 = Release|Any CPU
		{BB36CD5E-9026-4DF9-B028-236247DA46B2}.Debug|Any CPU.ActiveCfg = Debug|Any CPU
		{BB36CD5E-9026-4DF9-B028-236247DA46B2}.Debug|Any CPU.Build.0 = Debug|Any CPU
		{BB36CD5E-9026-4DF9-B028-236247DA46B2}.Debug|x64.ActiveCfg = Debug|Any CPU
		{BB36CD5E-9026-4DF9-B028-236247DA46B2}.Debug|x64.Build.0 = Debug|Any CPU
		{BB36CD5E-9026-4DF9-B028-236247DA46B2}.Debug|x86.ActiveCfg = Debug|Any CPU
		{BB36CD5E-9026-4DF9-B028-236247DA46B2}.Debug|x86.Build.0 = Debug|Any CPU
		{BB36CD5E-9026-4DF9-B028-236247DA46B2}.Release|Any CPU.ActiveCfg = Release|Any CPU
		{BB36CD5E-9026-4DF9-B028-236247DA46B2}.Release|Any CPU.Build.0 = Release|Any CPU
		{BB36CD5E-9026-4DF9-B028-236247DA46B2}.Release|x64.ActiveCfg = Release|Any CPU
		{BB36CD5E-9026-4DF9-B028-236247DA46B2}.Release|x64.Build.0 = Release|Any CPU
		{BB36CD5E-9026-4DF9-B028-236247DA46B2}.Release|x86.ActiveCfg = Release|Any CPU
		{BB36CD5E-9026-4DF9-B028-236247DA46B2}.Release|x86.Build.0 = Release|Any CPU
		{463EC06E-6139-4376-8187-870288D054D9}.Debug|Any CPU.ActiveCfg = Debug|Any CPU
		{463EC06E-6139-4376-8187-870288D054D9}.Debug|Any CPU.Build.0 = Debug|Any CPU
		{463EC06E-6139-4376-8187-870288D054D9}.Debug|x64.ActiveCfg = Debug|Any CPU
		{463EC06E-6139-4376-8187-870288D054D9}.Debug|x64.Build.0 = Debug|Any CPU
		{463EC06E-6139-4376-8187-870288D054D9}.Debug|x86.ActiveCfg = Debug|Any CPU
		{463EC06E-6139-4376-8187-870288D054D9}.Debug|x86.Build.0 = Debug|Any CPU
		{463EC06E-6139-4376-8187-870288D054D9}.Release|Any CPU.ActiveCfg = Release|Any CPU
		{463EC06E-6139-4376-8187-870288D054D9}.Release|Any CPU.Build.0 = Release|Any CPU
		{463EC06E-6139-4376-8187-870288D054D9}.Release|x64.ActiveCfg = Release|Any CPU
		{463EC06E-6139-4376-8187-870288D054D9}.Release|x64.Build.0 = Release|Any CPU
		{463EC06E-6139-4376-8187-870288D054D9}.Release|x86.ActiveCfg = Release|Any CPU
		{463EC06E-6139-4376-8187-870288D054D9}.Release|x86.Build.0 = Release|Any CPU
		{5D7A130A-9D20-428E-B148-4AF65FAA3448}.Debug|Any CPU.ActiveCfg = Debug|Any CPU
		{5D7A130A-9D20-428E-B148-4AF65FAA3448}.Debug|Any CPU.Build.0 = Debug|Any CPU
		{5D7A130A-9D20-428E-B148-4AF65FAA3448}.Debug|x64.ActiveCfg = Debug|Any CPU
		{5D7A130A-9D20-428E-B148-4AF65FAA3448}.Debug|x64.Build.0 = Debug|Any CPU
		{5D7A130A-9D20-428E-B148-4AF65FAA3448}.Debug|x86.ActiveCfg = Debug|Any CPU
		{5D7A130A-9D20-428E-B148-4AF65FAA3448}.Debug|x86.Build.0 = Debug|Any CPU
		{5D7A130A-9D20-428E-B148-4AF65FAA3448}.Release|Any CPU.ActiveCfg = Release|Any CPU
		{5D7A130A-9D20-428E-B148-4AF65FAA3448}.Release|Any CPU.Build.0 = Release|Any CPU
		{5D7A130A-9D20-428E-B148-4AF65FAA3448}.Release|x64.ActiveCfg = Release|Any CPU
		{5D7A130A-9D20-428E-B148-4AF65FAA3448}.Release|x64.Build.0 = Release|Any CPU
		{5D7A130A-9D20-428E-B148-4AF65FAA3448}.Release|x86.ActiveCfg = Release|Any CPU
		{5D7A130A-9D20-428E-B148-4AF65FAA3448}.Release|x86.Build.0 = Release|Any CPU
	EndGlobalSection
	GlobalSection(SolutionProperties) = preSolution
		HideSolutionNode = FALSE
	EndGlobalSection
	GlobalSection(ExtensibilityGlobals) = postSolution
		SolutionGuid = {241D0C0A-2DF8-48FC-B24C-19A4D4A684C7}
	EndGlobalSection
EndGlobal
